# This file is machine-generated by `gh actions-lock`.
# Do not edit by hand; run `gh actions-lock` to update.
# Docs: https://gh.io/actions-lockfile
version: 'v0.0.2'
workflows:
    '.github/workflows/check_pre_commit.yaml':
        - 'actions/checkout@9c091bb21b7c1c1d1991bb908d89e4e9dddfe3e0'
        - 'j178/prek-action@e98a699c41eb69ab013a45817a0406469a748f8d'
    '.github/workflows/check_pre_commit_slim.yaml':
        - 'actions/checkout@9c091bb21b7c1c1d1991bb908d89e4e9dddfe3e0'
        - 'j178/prek-action@e98a699c41eb69ab013a45817a0406469a748f8d'
    '.github/workflows/reusable_release_blob_key.yaml':
        - 'actions/attest-build-provenance@977bb373ede98d70efdf65b84cb5f73e068dcc2a'
        - 'actions/attest-sbom@4651f806c01d8637787e274ac3bdf724ef169f34'
        - 'actions/checkout@8e8c483db84b4bee98b60c0593521ed34d9990e8'
        - 'actions/download-artifact@37930b1c2abaa49bbe596cd826c3c89aef350131'
        - 'actions/upload-artifact@b7c566a772e6b6bfb58ed0dc250532a479d7789f'
        - 'anchore/sbom-action@43a17d6e7add2b5535efe4dcae9952337c479a93'
        - 'sigstore/cosign-installer@faadad0cce49287aee09b3a48701e75088a2c6ad'
        - 'slsa-framework/slsa-verifier@ea584f4502babc6f60d9bc799dbbb13c1caa9ee6'
    '.github/workflows/reusable_release_blob_keyless.yaml':
        - 'actions/attest@1e69f48acb82d1966a394da916b4c1698aa569d6'
        - 'actions/checkout@3d3c42e5aac5ba805825da76410c181273ba90b1'
        - 'actions/download-artifact@3e5f45b2cfb9172054b4087a40e8e0b5a5461e7c'
        - 'actions/upload-artifact@043fb46d1a93c77aae656e7c1c64a875d1fc6a0a'
        - 'anchore/sbom-action@3ad7283483fc7af8ff2b4ea19663c2d5ca935e26'
        - 'sigstore/cosign-installer@6f9f17788090df1f26f669e9d70d6ae9567deba6'
    '.github/workflows/reusable_release_container_key.yaml':
        - 'actions/attest-build-provenance@977bb373ede98d70efdf65b84cb5f73e068dcc2a'
        - 'actions/attest-sbom@4651f806c01d8637787e274ac3bdf724ef169f34'
        - 'actions/checkout@8e8c483db84b4bee98b60c0593521ed34d9990e8'
        - 'actions/download-artifact@37930b1c2abaa49bbe596cd826c3c89aef350131'
        - 'anchore/sbom-action@43a17d6e7add2b5535efe4dcae9952337c479a93'
        - 'sigstore/cosign-installer@faadad0cce49287aee09b3a48701e75088a2c6ad'
        - 'slsa-framework/slsa-verifier@ea584f4502babc6f60d9bc799dbbb13c1caa9ee6'
    '.github/workflows/reusable_release_container_keyless.yaml':
        - 'actions/attest@1e69f48acb82d1966a394da916b4c1698aa569d6'
        - 'actions/checkout@3d3c42e5aac5ba805825da76410c181273ba90b1'
        - 'actions/download-artifact@3e5f45b2cfb9172054b4087a40e8e0b5a5461e7c'
        - 'actions/upload-artifact@043fb46d1a93c77aae656e7c1c64a875d1fc6a0a'
        - 'anchore/sbom-action@3ad7283483fc7af8ff2b4ea19663c2d5ca935e26'
        - 'anchore/sbom-action@43a17d6e7add2b5535efe4dcae9952337c479a93'
        - 'sigstore/cosign-installer@6f9f17788090df1f26f669e9d70d6ae9567deba6'
    '.github/workflows/update_pre_commit_hooks.yaml':
        - 'actions/checkout@9c091bb21b7c1c1d1991bb908d89e4e9dddfe3e0'
        - 'actions/download-artifact@3e5f45b2cfb9172054b4087a40e8e0b5a5461e7c'
        - 'actions/upload-artifact@043fb46d1a93c77aae656e7c1c64a875d1fc6a0a'
        - 'j178/prek-action@e98a699c41eb69ab013a45817a0406469a748f8d'
    '.github/workflows/update_pre_commit_hooks_act.yaml':
        - 'actions/checkout@9c091bb21b7c1c1d1991bb908d89e4e9dddfe3e0'
        - 'actions/download-artifact@3e5f45b2cfb9172054b4087a40e8e0b5a5461e7c'
        - 'actions/upload-artifact@330a01c490aca151604b8cf639adc76d48f6c5d4'
        - 'j178/prek-action@e98a699c41eb69ab013a45817a0406469a748f8d'
    '.github/workflows/update_pre_commit_hooks_slim.yaml':
        - 'actions/checkout@9c091bb21b7c1c1d1991bb908d89e4e9dddfe3e0'
        - 'j178/prek-action@e98a699c41eb69ab013a45817a0406469a748f8d'
    '.github/workflows/update_pre_commit_hooks_slim_act.yaml':
        - 'actions/checkout@9c091bb21b7c1c1d1991bb908d89e4e9dddfe3e0'
        - 'j178/prek-action@e98a699c41eb69ab013a45817a0406469a748f8d'
dependencies:
    'actions/attest-build-provenance@864457a58d4733d7f1574bd8821fa24e02cf7538':
        ref: 'predicate@2.0.0'
        commit: 'sha1-864457a58d4733d7f1574bd8821fa24e02cf7538'
        owner_id: 44036562
        repo_id: 760702757
    'actions/attest-build-provenance@977bb373ede98d70efdf65b84cb5f73e068dcc2a':
        ref: 'v3.0.0'
        commit: 'sha1-977bb373ede98d70efdf65b84cb5f73e068dcc2a'
        owner_id: 44036562
        repo_id: 760702757
        uses:
            - 'actions/attest-build-provenance@864457a58d4733d7f1574bd8821fa24e02cf7538'
            - 'actions/attest@daf44fb950173508f38bd2406030372c1d1162b1'
    'actions/attest-sbom@4651f806c01d8637787e274ac3bdf724ef169f34':
        ref: 'v3.0.0'
        commit: 'sha1-4651f806c01d8637787e274ac3bdf724ef169f34'
        owner_id: 44036562
        repo_id: 760703431
        uses:
            - 'actions/attest-sbom@55e972012fb8695c1b0049174547f1fcb4baa8a5'
            - 'actions/attest@daf44fb950173508f38bd2406030372c1d1162b1'
    'actions/attest-sbom@55e972012fb8695c1b0049174547f1fcb4baa8a5':
        ref: 'predicate@2.0.0'
        commit: 'sha1-55e972012fb8695c1b0049174547f1fcb4baa8a5'
        owner_id: 44036562
        repo_id: 760703431
    'actions/attest@1e69f48acb82d1966a394da916b4c1698aa569d6':
        ref: 'v4.2.2'
        commit: 'sha1-1e69f48acb82d1966a394da916b4c1698aa569d6'
        owner_id: 44036562
        repo_id: 760701061
    'actions/attest@daf44fb950173508f38bd2406030372c1d1162b1':
        ref: 'v3.0.0'
        commit: 'sha1-daf44fb950173508f38bd2406030372c1d1162b1'
        owner_id: 44036562
        repo_id: 760701061
    'actions/checkout@3d3c42e5aac5ba805825da76410c181273ba90b1':
        ref: 'v7.0.1'
        commit: 'sha1-3d3c42e5aac5ba805825da76410c181273ba90b1'
        owner_id: 44036562
        repo_id: 197814629
    'actions/checkout@8e8c483db84b4bee98b60c0593521ed34d9990e8':
        ref: 'v6.0.1'
        commit: 'sha1-8e8c483db84b4bee98b60c0593521ed34d9990e8'
        owner_id: 44036562
        repo_id: 197814629
    'actions/checkout@9c091bb21b7c1c1d1991bb908d89e4e9dddfe3e0':
        ref: 'v7.0.0'
        commit: 'sha1-9c091bb21b7c1c1d1991bb908d89e4e9dddfe3e0'
        owner_id: 44036562
        repo_id: 197814629
    'actions/download-artifact@37930b1c2abaa49bbe596cd826c3c89aef350131':
        ref: 'v7.0.0'
        commit: 'sha1-37930b1c2abaa49bbe596cd826c3c89aef350131'
        owner_id: 44036562
        repo_id: 192626254
    'actions/download-artifact@3e5f45b2cfb9172054b4087a40e8e0b5a5461e7c':
        ref: 'v8.0.1'
        commit: 'sha1-3e5f45b2cfb9172054b4087a40e8e0b5a5461e7c'
        owner_id: 44036562
        repo_id: 192626254
    'actions/upload-artifact@043fb46d1a93c77aae656e7c1c64a875d1fc6a0a':
        ref: 'v7.0.1'
        commit: 'sha1-043fb46d1a93c77aae656e7c1c64a875d1fc6a0a'
        owner_id: 44036562
        repo_id: 192625955
    'actions/upload-artifact@330a01c490aca151604b8cf639adc76d48f6c5d4':
        ref: 'v5.0.0'
        commit: 'sha1-330a01c490aca151604b8cf639adc76d48f6c5d4'
        owner_id: 44036562
        repo_id: 192625955
    'actions/upload-artifact@b7c566a772e6b6bfb58ed0dc250532a479d7789f':
        ref: 'v6.0.0'
        commit: 'sha1-b7c566a772e6b6bfb58ed0dc250532a479d7789f'
        owner_id: 44036562
        repo_id: 192625955
    'anchore/sbom-action@3ad7283483fc7af8ff2b4ea19663c2d5ca935e26':
        ref: 'v0.24.2'
        commit: 'sha1-3ad7283483fc7af8ff2b4ea19663c2d5ca935e26'
        owner_id: 16208487
        repo_id: 399925381
    'anchore/sbom-action@43a17d6e7add2b5535efe4dcae9952337c479a93':
        ref: '43a17d6e7add2b5535efe4dcae9952337c479a93'
        commit: 'sha1-43a17d6e7add2b5535efe4dcae9952337c479a93'
        owner_id: 16208487
        repo_id: 399925381
    'j178/prek-action@e98a699c41eb69ab013a45817a0406469a748f8d':
        ref: 'v2.0.5'
        commit: 'sha1-e98a699c41eb69ab013a45817a0406469a748f8d'
        owner_id: 10510431
        repo_id: 1052387486
    'sigstore/cosign-installer@6f9f17788090df1f26f669e9d70d6ae9567deba6':
        ref: 'v4.1.2'
        commit: 'sha1-6f9f17788090df1f26f669e9d70d6ae9567deba6'
        owner_id: 71096353
        repo_id: 351211695
    'sigstore/cosign-installer@faadad0cce49287aee09b3a48701e75088a2c6ad':
        ref: 'v4.0.0'
        commit: 'sha1-faadad0cce49287aee09b3a48701e75088a2c6ad'
        owner_id: 71096353
        repo_id: 351211695
    'slsa-framework/slsa-verifier@ea584f4502babc6f60d9bc799dbbb13c1caa9ee6':
        ref: 'v2.7.1'
        commit: 'sha1-ea584f4502babc6f60d9bc799dbbb13c1caa9ee6'
        owner_id: 80431187
        repo_id: 474162642
